{
  "version": "3",
  "redirects": {
    "https://esm.sh/lodash-es/": "https://esm.sh/lodash-es@4.17.21",
    "https://esm.sh/v135/@types/lodash-es@~4.17/index.d.ts": "https://esm.sh/v135/@types/lodash-es@4.17.12/index.d.ts",
    "https://esm.sh/v135/@types/lodash@4.14.202/index": "https://esm.sh/v135/@types/lodash@4.14.202/index~.d.ts"
  },
  "remote": {}
}
